{
  "name": "nango",
  "lockfileVersion": 2,
  "requires": true,
  "packages": {
    "": {
      "devDependencies": {
        "@tsconfig/node18-strictest-esm": "^1.0.0",
        "@types/node": "^18.0.3",
        "typescript": "^4.7.4"
      }
    },
    "node_modules/@tsconfig/node18-strictest-esm": {
      "version": "1.0.0",
      "resolved": "https://registry.npmjs.org/@tsconfig/node18-strictest-esm/-/node18-strictest-esm-1.0.0.tgz",
      "integrity": "sha512-4lY2mZXGFaW13OYcz6kwWFussLbIAg5XBlS2h72jzr4mqr/CuFmF04S7hkpBYbw0k/TNQ4tFLx1/j6VpBqr3Tg==",
      "dev": true
    },
    "node_modules/@types/node": {
      "version": "18.0.3",
      "resolved": "https://registry.npmjs.org/@types/node/-/node-18.0.3.tgz",
      "integrity": "sha512-HzNRZtp4eepNitP+BD6k2L6DROIDG4Q0fm4x+dwfsr6LGmROENnok75VGw40628xf+iR24WeMFcHuuBDUAzzsQ==",
      "dev": true
    },
    "node_modules/typescript": {
      "version": "4.7.4",
      "resolved": "https://registry.npmjs.org/typescript/-/typescript-4.7.4.tgz",
      "integrity": "sha512-C0WQT0gezHuw6AdY1M2jxUO83Rjf0HP7Sk1DtXj6j1EwkQNZrHAg2XPWlq62oqEhYvONq5pkC2Y9oPljWToLmQ==",
      "dev": true,
      "bin": {
        "tsc": "bin/tsc",
        "tsserver": "bin/tsserver"
      },
      "engines": {
        "node": ">=4.2.0"
      }
    }
  },
  "dependencies": {
    "@tsconfig/node18-strictest-esm": {
      "version": "1.0.0",
      "resolved": "https://registry.npmjs.org/@tsconfig/node18-strictest-esm/-/node18-strictest-esm-1.0.0.tgz",
      "integrity": "sha512-4lY2mZXGFaW13OYcz6kwWFussLbIAg5XBlS2h72jzr4mqr/CuFmF04S7hkpBYbw0k/TNQ4tFLx1/j6VpBqr3Tg==",
      "dev": true
    },
    "@types/node": {
      "version": "18.0.3",
      "resolved": "https://registry.npmjs.org/@types/node/-/node-18.0.3.tgz",
      "integrity": "sha512-HzNRZtp4eepNitP+BD6k2L6DROIDG4Q0fm4x+dwfsr6LGmROENnok75VGw40628xf+iR24WeMFcHuuBDUAzzsQ==",
      "dev": true
    },
    "typescript": {
      "version": "4.7.4",
      "resolved": "https://registry.npmjs.org/typescript/-/typescript-4.7.4.tgz",
      "integrity": "sha512-C0WQT0gezHuw6AdY1M2jxUO83Rjf0HP7Sk1DtXj6j1EwkQNZrHAg2XPWlq62oqEhYvONq5pkC2Y9oPljWToLmQ==",
      "dev": true
    }
  }
}
